
Microsoft Visual Studio Solution File, Format Version 12.00
# Visual Studio Version 17
VisualStudioVersion = 17.4.33122.133
MinimumVisualStudioVersion = 10.0.40219.1
Project("{FAE04EC0-301F-11D3-BF4B-00C04F79EFBC}") = "TverrfagligSide", "TverrfagligSide\TverrfagligSide.csproj", "{19E5C2D2-32CB-4C52-A812-550E4665D895}"
EndProject
Project("{FAE04EC0-301F-11D3-BF4B-00C04F79EFBC}") = "DBL", "DBL\DBL.csproj", "{7469CD6A-0686-480C-9149-87A7711BE343}"
EndProject
Project("{FAE04EC0-301F-11D3-BF4B-00C04F79EFBC}") = "BL", "BL\BL.csproj", "{840E612E-F34A-49BD-A073-693EF99BD9C0}"
EndProject
Project("{FAE04EC0-301F-11D3-BF4B-00C04F79EFBC}") = "BO", "BO\BO.csproj", "{DE900E26-8291-4E90-BB8A-B288EC46DE54}"
EndProject
Global
	GlobalSection(SolutionConfigurationPlatforms) = preSolution
		Debug|Any CPU = Debug|Any CPU
		Release|Any CPU = Release|Any CPU
	EndGlobalSection
	GlobalSection(ProjectConfigurationPlatforms) = postSolution
		{19E5C2D2-32CB-4C52-A812-550E4665D895}.Debug|Any CPU.ActiveCfg = Debug|Any CPU
		{19E5C2D2-32CB-4C52-A812-550E4665D895}.Debug|Any CPU.Build.0 = Debug|Any CPU
		{19E5C2D2-32CB-4C52-A812-550E4665D895}.Release|Any CPU.ActiveCfg = Release|Any CPU
		{19E5C2D2-32CB-4C52-A812-550E4665D895}.Release|Any CPU.Build.0 = Release|Any CPU
		{7469CD6A-0686-480C-9149-87A7711BE343}.Debug|Any CPU.ActiveCfg = Debug|Any CPU
		{7469CD6A-0686-480C-9149-87A7711BE343}.Debug|Any CPU.Build.0 = Debug|Any CPU
		{7469CD6A-0686-480C-9149-87A7711BE343}.Release|Any CPU.ActiveCfg = Release|Any CPU
		{7469CD6A-0686-480C-9149-87A7711BE343}.Release|Any CPU.Build.0 = Release|Any CPU
		{840E612E-F34A-49BD-A073-693EF99BD9C0}.Debug|Any CPU.ActiveCfg = Debug|Any CPU
		{840E612E-F34A-49BD-A073-693EF99BD9C0}.Debug|Any CPU.Build.0 = Debug|Any CPU
		{840E612E-F34A-49BD-A073-693EF99BD9C0}.Release|Any CPU.ActiveCfg = Release|Any CPU
		{840E612E-F34A-49BD-A073-693EF99BD9C0}.Release|Any CPU.Build.0 = Release|Any CPU
		{DE900E26-8291-4E90-BB8A-B288EC46DE54}.Debug|Any CPU.ActiveCfg = Debug|Any CPU
		{DE900E26-8291-4E90-BB8A-B288EC46DE54}.Debug|Any CPU.Build.0 = Debug|Any CPU
		{DE900E26-8291-4E90-BB8A-B288EC46DE54}.Release|Any CPU.ActiveCfg = Release|Any CPU
		{DE900E26-8291-4E90-BB8A-B288EC46DE54}.Release|Any CPU.Build.0 = Release|Any CPU
	EndGlobalSection
	GlobalSection(SolutionProperties) = preSolution
		HideSolutionNode = FALSE
	EndGlobalSection
	GlobalSection(ExtensibilityGlobals) = postSolution
		SolutionGuid = {14AC97ED-352B-4A16-9F53-D6613AFF1078}
	EndGlobalSection
EndGlobal
